
Microsoft Visual Studio Solution File, Format Version 12.00
# Visual Studio Version 16
VisualStudioVersion = 16.0.31424.327
MinimumVisualStudioVersion = 10.0.40219.1
Project("{FAE04EC0-301F-11D3-BF4B-00C04F79EFBC}") = "Classic Snake Game", "Classic Snake Game\Classic Snake Game.csproj", "{0556D8AD-73F4-46FD-A94C-4AF08C96FAA9}"
EndProject
Global
	GlobalSection(SolutionConfigurationPlatforms) = preSolution
		Debug|Any CPU = Debug|Any CPU
		Release|Any CPU = Release|Any CPU
	EndGlobalSection
	GlobalSection(ProjectConfigurationPlatforms) = postSolution
		{0556D8AD-73F4-46FD-A94C-4AF08C96FAA9}.Debug|Any CPU.ActiveCfg = Debug|Any CPU
		{0556D8AD-73F4-46FD-A94C-4AF08C96FAA9}.Debug|Any CPU.Build.0 = Debug|Any CPU
		{0556D8AD-73F4-46FD-A94C-4AF08C96FAA9}.Release|Any CPU.ActiveCfg = Release|Any CPU
		{0556D8AD-73F4-46FD-A94C-4AF08C96FAA9}.Release|Any CPU.Build.0 = Release|Any CPU
	EndGlobalSection
	GlobalSection(SolutionProperties) = preSolution
		HideSolutionNode = FALSE
	EndGlobalSection
	GlobalSection(ExtensibilityGlobals) = postSolution
		SolutionGuid = {C30873B2-913B-490B-B2AD-600AF3706D5A}
	EndGlobalSection
EndGlobal
